
Microsoft Visual Studio Solution File, Format Version 12.00
# Visual Studio Version 17
VisualStudioVersion = 17.2.32630.192
MinimumVisualStudioVersion = 10.0.40219.1
Project("{FAE04EC0-301F-11D3-BF4B-00C04F79EFBC}") = "StockExchangeSystem_Server", "StockExchangeSystem_Server\StockExchangeSystem_Server.csproj", "{28081A01-9C42-4D15-817E-0BDD50C076F4}"
EndProject
Project("{FAE04EC0-301F-11D3-BF4B-00C04F79EFBC}") = "CurrencyExchangeLibrary", "CurrencyExchangeLibrary\CurrencyExchangeLibrary.csproj", "{BC699D62-6104-47C8-B882-1CB8E11414EC}"
EndProject
Global
	GlobalSection(SolutionConfigurationPlatforms) = preSolution
		Debug|Any CPU = Debug|Any CPU
		Release|Any CPU = Release|Any CPU
	EndGlobalSection
	GlobalSection(ProjectConfigurationPlatforms) = postSolution
		{28081A01-9C42-4D15-817E-0BDD50C076F4}.Debug|Any CPU.ActiveCfg = Debug|Any CPU
		{28081A01-9C42-4D15-817E-0BDD50C076F4}.Debug|Any CPU.Build.0 = Debug|Any CPU
		{28081A01-9C42-4D15-817E-0BDD50C076F4}.Release|Any CPU.ActiveCfg = Release|Any CPU
		{28081A01-9C42-4D15-817E-0BDD50C076F4}.Release|Any CPU.Build.0 = Release|Any CPU
		{BC699D62-6104-47C8-B882-1CB8E11414EC}.Debug|Any CPU.ActiveCfg = Debug|Any CPU
		{BC699D62-6104-47C8-B882-1CB8E11414EC}.Debug|Any CPU.Build.0 = Debug|Any CPU
		{BC699D62-6104-47C8-B882-1CB8E11414EC}.Release|Any CPU.ActiveCfg = Release|Any CPU
		{BC699D62-6104-47C8-B882-1CB8E11414EC}.Release|Any CPU.Build.0 = Release|Any CPU
	EndGlobalSection
	GlobalSection(SolutionProperties) = preSolution
		HideSolutionNode = FALSE
	EndGlobalSection
	GlobalSection(ExtensibilityGlobals) = postSolution
		SolutionGuid = {A73B42D3-B0D9-485A-BBFE-C6484DEB5C0B}
	EndGlobalSection
EndGlobal
